
Microsoft Visual Studio Solution File, Format Version 12.00
# Visual Studio Version 17
VisualStudioVersion = 17.12.35506.116
MinimumVisualStudioVersion = 10.0.40219.1
Project("{FAE04EC0-301F-11D3-BF4B-00C04F79EFBC}") = "Xpensor2.Api", "Xpensor2\Xpensor2.Api.csproj", "{D399C773-2A46-4C37-BA75-3D82B0B28609}"
EndProject
Project("{FAE04EC0-301F-11D3-BF4B-00C04F79EFBC}") = "Xpensor2.AppHost", "Xpensor2.AppHost\Xpensor2.AppHost.csproj", "{66890605-E3AD-4699-B123-BCCC8B473EFC}"
EndProject
Project("{FAE04EC0-301F-11D3-BF4B-00C04F79EFBC}") = "Xpensor2.ServiceDefaults", "Xpensor2.ServiceDefaults\Xpensor2.ServiceDefaults.csproj", "{13D4B47E-A0A0-4385-97A0-5295CD92CD2D}"
EndProject
Project("{FAE04EC0-301F-11D3-BF4B-00C04F79EFBC}") = "Xpensor2.Domain", "Xpensor2.Domain\Xpensor2.Domain.csproj", "{FE19B57D-4956-485F-8B38-66A6CB49B555}"
EndProject
Global
	GlobalSection(SolutionConfigurationPlatforms) = preSolution
		Debug|Any CPU = Debug|Any CPU
		Release|Any CPU = Release|Any CPU
	EndGlobalSection
	GlobalSection(ProjectConfigurationPlatforms) = postSolution
		{D399C773-2A46-4C37-BA75-3D82B0B28609}.Debug|Any CPU.ActiveCfg = Debug|Any CPU
		{D399C773-2A46-4C37-BA75-3D82B0B28609}.Debug|Any CPU.Build.0 = Debug|Any CPU
		{D399C773-2A46-4C37-BA75-3D82B0B28609}.Release|Any CPU.ActiveCfg = Release|Any CPU
		{D399C773-2A46-4C37-BA75-3D82B0B28609}.Release|Any CPU.Build.0 = Release|Any CPU
		{66890605-E3AD-4699-B123-BCCC8B473EFC}.Debug|Any CPU.ActiveCfg = Debug|Any CPU
		{66890605-E3AD-4699-B123-BCCC8B473EFC}.Debug|Any CPU.Build.0 = Debug|Any CPU
		{66890605-E3AD-4699-B123-BCCC8B473EFC}.Release|Any CPU.ActiveCfg = Release|Any CPU
		{66890605-E3AD-4699-B123-BCCC8B473EFC}.Release|Any CPU.Build.0 = Release|Any CPU
		{13D4B47E-A0A0-4385-97A0-5295CD92CD2D}.Debug|Any CPU.ActiveCfg = Debug|Any CPU
		{13D4B47E-A0A0-4385-97A0-5295CD92CD2D}.Debug|Any CPU.Build.0 = Debug|Any CPU
		{13D4B47E-A0A0-4385-97A0-5295CD92CD2D}.Release|Any CPU.ActiveCfg = Release|Any CPU
		{13D4B47E-A0A0-4385-97A0-5295CD92CD2D}.Release|Any CPU.Build.0 = Release|Any CPU
		{FE19B57D-4956-485F-8B38-66A6CB49B555}.Debug|Any CPU.ActiveCfg = Debug|Any CPU
		{FE19B57D-4956-485F-8B38-66A6CB49B555}.Debug|Any CPU.Build.0 = Debug|Any CPU
		{FE19B57D-4956-485F-8B38-66A6CB49B555}.Release|Any CPU.ActiveCfg = Release|Any CPU
		{FE19B57D-4956-485F-8B38-66A6CB49B555}.Release|Any CPU.Build.0 = Release|Any CPU
	EndGlobalSection
	GlobalSection(SolutionProperties) = preSolution
		HideSolutionNode = FALSE
	EndGlobalSection
EndGlobal
